
Microsoft Visual Studio Solution File, Format Version 12.00
# Visual Studio Version 17
VisualStudioVersion = 17.7.34031.279
MinimumVisualStudioVersion = 10.0.40219.1
Project("{FAE04EC0-301F-11D3-BF4B-00C04F79EFBC}") = "PartyInvites", "PartyInvites\PartyInvites.csproj", "{A742826B-B33A-48F8-8AA5-B35551DE5996}"
EndProject
Global
	GlobalSection(SolutionConfigurationPlatforms) = preSolution
		Debug|Any CPU = Debug|Any CPU
		Release|Any CPU = Release|Any CPU
	EndGlobalSection
	GlobalSection(ProjectConfigurationPlatforms) = postSolution
		{A742826B-B33A-48F8-8AA5-B35551DE5996}.Debug|Any CPU.ActiveCfg = Debug|Any CPU
		{A742826B-B33A-48F8-8AA5-B35551DE5996}.Debug|Any CPU.Build.0 = Debug|Any CPU
		{A742826B-B33A-48F8-8AA5-B35551DE5996}.Release|Any CPU.ActiveCfg = Release|Any CPU
		{A742826B-B33A-48F8-8AA5-B35551DE5996}.Release|Any CPU.Build.0 = Release|Any CPU
	EndGlobalSection
	GlobalSection(SolutionProperties) = preSolution
		HideSolutionNode = FALSE
	EndGlobalSection
	GlobalSection(ExtensibilityGlobals) = postSolution
		SolutionGuid = {294C41CA-2F09-4790-BD8F-DAEEC2AC587C}
	EndGlobalSection
EndGlobal
